
Microsoft Visual Studio Solution File, Format Version 12.00
# Visual Studio 15
VisualStudioVersion = 15.0.28307.271
MinimumVisualStudioVersion = 10.0.40219.1
Project("{F184B08F-C81C-45F6-A57F-5ABD9991F28F}") = "Guia 2", "Guia 2\Guia 2.vbproj", "{4411513A-7D49-40B0-B533-C60D60EE5A43}"
EndProject
Global
	GlobalSection(SolutionConfigurationPlatforms) = preSolution
		Debug|Any CPU = Debug|Any CPU
		Release|Any CPU = Release|Any CPU
	EndGlobalSection
	GlobalSection(ProjectConfigurationPlatforms) = postSolution
		{4411513A-7D49-40B0-B533-C60D60EE5A43}.Debug|Any CPU.ActiveCfg = Debug|Any CPU
		{4411513A-7D49-40B0-B533-C60D60EE5A43}.Debug|Any CPU.Build.0 = Debug|Any CPU
		{4411513A-7D49-40B0-B533-C60D60EE5A43}.Release|Any CPU.ActiveCfg = Release|Any CPU
		{4411513A-7D49-40B0-B533-C60D60EE5A43}.Release|Any CPU.Build.0 = Release|Any CPU
	EndGlobalSection
	GlobalSection(SolutionProperties) = preSolution
		HideSolutionNode = FALSE
	EndGlobalSection
	GlobalSection(ExtensibilityGlobals) = postSolution
		SolutionGuid = {12506054-2994-4FAD-94D3-F159D08E13D3}
	EndGlobalSection
EndGlobal
